
Microsoft Visual Studio Solution File, Format Version 12.00
# Visual Studio Version 17
VisualStudioVersion = 17.9.34723.18
MinimumVisualStudioVersion = 10.0.40219.1
Project("{FAE04EC0-301F-11D3-BF4B-00C04F79EFBC}") = "Atividade 9", "Atividade 9\Atividade 9.csproj", "{11AF8D26-ADAF-47DB-81FB-AB6F9D01DACB}"
EndProject
Global
	GlobalSection(SolutionConfigurationPlatforms) = preSolution
		Debug|Any CPU = Debug|Any CPU
		Release|Any CPU = Release|Any CPU
	EndGlobalSection
	GlobalSection(ProjectConfigurationPlatforms) = postSolution
		{11AF8D26-ADAF-47DB-81FB-AB6F9D01DACB}.Debug|Any CPU.ActiveCfg = Debug|Any CPU
		{11AF8D26-ADAF-47DB-81FB-AB6F9D01DACB}.Debug|Any CPU.Build.0 = Debug|Any CPU
		{11AF8D26-ADAF-47DB-81FB-AB6F9D01DACB}.Release|Any CPU.ActiveCfg = Release|Any CPU
		{11AF8D26-ADAF-47DB-81FB-AB6F9D01DACB}.Release|Any CPU.Build.0 = Release|Any CPU
	EndGlobalSection
	GlobalSection(SolutionProperties) = preSolution
		HideSolutionNode = FALSE
	EndGlobalSection
	GlobalSection(ExtensibilityGlobals) = postSolution
		SolutionGuid = {2454673F-AE38-43A6-B460-38649723D0C2}
	EndGlobalSection
EndGlobal
